// !$*UTF8*$!
{
	archiveVersion = 1;
	classes = {
	};
	objectVersion = 77;
	objects = {

/* Begin PBXBuildFile section */
		55C169B8C4B2FB6D824DD7D0 /* EditProfileView.swift in Sources */ = {isa = PBXBuildFile; fileRef = FC1BB362A6EC71B1E34943BC /* EditProfileView.swift */; };
		A13297680C2779020DFD689C /* ChatFullView.swift in Sources */ = {isa = PBXBuildFile; fileRef = 5273E965AC408E7811F5F616 /* ChatFullView.swift */; };
		A1B2C3D4E5F607182930A1B5 /* Localizable.strings in Resources */ = {isa = PBXBuildFile; fileRef = A1B2C3D4E5F607182930A1B2 /* Localizable.strings */; };
		B5361AC12FAF8CD80042B689 /* SharedComponents.swift in Sources */ = {isa = PBXBuildFile; fileRef = B5361AC02FAF8CCF0042B689 /* SharedComponents.swift */; };
		B5361AC32FAFD5F00042B689 /* JoinVisitConfirmView.swift in Sources */ = {isa = PBXBuildFile; fileRef = B5361AC22FAFD5EE0042B689 /* JoinVisitConfirmView.swift */; };
		B5361AC52FB35B1A0042B689 /* PaywallSheet.swift in Sources */ = {isa = PBXBuildFile; fileRef = B5361AC42FB35B180042B689 /* PaywallSheet.swift */; };
		B5361AC62FB367F80042B689 /* ExhibitionDetailView.swift in Sources */ = {isa = PBXBuildFile; fileRef = B5C8EB542FA3EE1D009A2A74 /* ExhibitionDetailView.swift */; };
		B5361AC82FB369400042B689 /* ViewedView.swift in Sources */ = {isa = PBXBuildFile; fileRef = B5361AC72FB369400042B689 /* ViewedView.swift */; };
		B539B5B32FBD01B100B6BBAF /* StoreKit.framework in Frameworks */ = {isa = PBXBuildFile; fileRef = B539B5B22FBD01B100B6BBAF /* StoreKit.framework */; };
		B539B5B52FBD01DF00B6BBAF /* StoreService.swift in Sources */ = {isa = PBXBuildFile; fileRef = B539B5B42FBD01DD00B6BBAF /* StoreService.swift */; };
		B5C8EB242FA3A748009A2A74 /* ContentView.swift in Sources */ = {isa = PBXBuildFile; fileRef = B5C8EB212FA3A748009A2A74 /* ContentView.swift */; };
		B5C8EB252FA3A748009A2A74 /* WherartApp.swift in Sources */ = {isa = PBXBuildFile; fileRef = B5C8EB222FA3A748009A2A74 /* WherartApp.swift */; };
		B5C8EB2B2FA3A750009A2A74 /* Assets.xcassets in Resources */ = {isa = PBXBuildFile; fileRef = B5C8EB282FA3A750009A2A74 /* Assets.xcassets */; };
		B5C8EB432FA3B129009A2A74 /* Supabase in Frameworks */ = {isa = PBXBuildFile; productRef = B5C8EB422FA3B129009A2A74 /* Supabase */; };
		B5C8EB472FA3E1F6009A2A74 /* LoginView.swift in Sources */ = {isa = PBXBuildFile; fileRef = B5C8EB462FA3B248009A2A74 /* LoginView.swift */; };
		B5C8EB482FA3E1FF009A2A74 /* SupabaseService.swift in Sources */ = {isa = PBXBuildFile; fileRef = B5C8EB452FA3B20C009A2A74 /* SupabaseService.swift */; };
		B5C8EB492FA3E2D6009A2A74 /* Models.swift in Sources */ = {isa = PBXBuildFile; fileRef = B5C8EB442FA3B1D8009A2A74 /* Models.swift */; };
		B5C8EB4B2FA3E418009A2A74 /* OnboardingView.swift in Sources */ = {isa = PBXBuildFile; fileRef = B5C8EB4A2FA3E40C009A2A74 /* OnboardingView.swift */; };
		B5C8EB4D2FA3E53B009A2A74 /* MainTabView.swift in Sources */ = {isa = PBXBuildFile; fileRef = B5C8EB4C2FA3E539009A2A74 /* MainTabView.swift */; };
		B5C8EB512FA3E99D009A2A74 /* ExhibitionCard.swift in Sources */ = {isa = PBXBuildFile; fileRef = B5C8EB502FA3E99A009A2A74 /* ExhibitionCard.swift */; };
		B5C8EB532FA3E9BF009A2A74 /* HomeView.swift in Sources */ = {isa = PBXBuildFile; fileRef = B5C8EB522FA3E9B6009A2A74 /* HomeView.swift */; };
		B5C8EB582FA3F3A4009A2A74 /* MapKit.framework in Frameworks */ = {isa = PBXBuildFile; fileRef = B5C8EB562FA3F389009A2A74 /* MapKit.framework */; };
		B5C8EB592FA3F3AA009A2A74 /* libswiftMapKit.tbd in Frameworks */ = {isa = PBXBuildFile; fileRef = B5C8EB572FA3F389009A2A74 /* libswiftMapKit.tbd */; };
		B5C8EB5B2FA3F3CC009A2A74 /* MapView.swift in Sources */ = {isa = PBXBuildFile; fileRef = B5C8EB5A2FA3F3CA009A2A74 /* MapView.swift */; };
		B5C8EB5D2FA3F680009A2A74 /* ProfileView.swift in Sources */ = {isa = PBXBuildFile; fileRef = B5C8EB5C2FA3F67F009A2A74 /* ProfileView.swift */; };
		B5C8EB5F2FA3F798009A2A74 /* VisitView.swift in Sources */ = {isa = PBXBuildFile; fileRef = B5C8EB5E2FA3F796009A2A74 /* VisitView.swift */; };
		B5C8EB612FA3F7BF009A2A74 /* VisitDetailView.swift in Sources */ = {isa = PBXBuildFile; fileRef = B5C8EB602FA3F7BD009A2A74 /* VisitDetailView.swift */; };
		B5C8EB632FA3F7D6009A2A74 /* CreateVisitView.swift in Sources */ = {isa = PBXBuildFile; fileRef = B5C8EB622FA3F7D0009A2A74 /* CreateVisitView.swift */; };
		B5C8EB652FA3F96D009A2A74 /* FavoritesView.swift in Sources */ = {isa = PBXBuildFile; fileRef = B5C8EB642FA3F96B009A2A74 /* FavoritesView.swift */; };
		B5C8EB692FA3FFA9009A2A74 /* FilterSheet.swift in Sources */ = {isa = PBXBuildFile; fileRef = B5C8EB682FA3FFA7009A2A74 /* FilterSheet.swift */; };
		B5D979712FF9500000000002 /* NavigationSwipeBackFix.swift in Sources */ = {isa = PBXBuildFile; fileRef = B5D979702FF9500000000001 /* NavigationSwipeBackFix.swift */; };
		B5D979752FF9500000000006 /* DesignSystem.swift in Sources */ = {isa = PBXBuildFile; fileRef = B5D979742FF9500000000005 /* DesignSystem.swift */; };
		B5D979772FF9500000000008 /* NotificationService.swift in Sources */ = {isa = PBXBuildFile; fileRef = B5D979762FF9500000000007 /* NotificationService.swift */; };
		B5D979792FF950000000000A /* SplashView.swift in Sources */ = {isa = PBXBuildFile; fileRef = B5D979782FF9500000000009 /* SplashView.swift */; };
		B5F5A5443048B677004E2CD9 /* PostHog in Frameworks */ = {isa = PBXBuildFile; productRef = B5F5A5433048B677004E2CD9 /* PostHog */; };
		B5F5A5463048B8F2004E2CD9 /* SupabaseService.swift in Sources */ = {isa = PBXBuildFile; fileRef = B5F5A5453048B8F2004E2CD9 /* SupabaseService.swift */; };
		B5F5A5483048B92B004E2CD9 /* AnalyticsService.swift in Sources */ = {isa = PBXBuildFile; fileRef = B5F5A5473048B92B004E2CD9 /* AnalyticsService.swift */; };
		C7D8E9F0A1B2C3D4E5F60718 /* ArtTaxonomy.swift in Sources */ = {isa = PBXBuildFile; fileRef = C7D8E9F0A1B2C3D4E5F60717 /* ArtTaxonomy.swift */; };
		E76C3A086A8FAB61971C2114 /* SubscribeView.swift in Sources */ = {isa = PBXBuildFile; fileRef = 8699DCBF30405A872CB965B6 /* SubscribeView.swift */; };
		F1E2D3C4B5A697887766554B /* LoginPromptSheet.swift in Sources */ = {isa = PBXBuildFile; fileRef = F1E2D3C4B5A697887766554A /* LoginPromptSheet.swift */; };
/* End PBXBuildFile section */

/* Begin PBXFileReference section */
		5273E965AC408E7811F5F616 /* ChatFullView.swift */ = {isa = PBXFileReference; lastKnownFileType = sourcecode.swift; path = ChatFullView.swift; sourceTree = "<group>"; };
		8699DCBF30405A872CB965B6 /* SubscribeView.swift */ = {isa = PBXFileReference; lastKnownFileType = sourcecode.swift; path = SubscribeView.swift; sourceTree = "<group>"; };
		A1B2C3D4E5F607182930A1B3 /* en */ = {isa = PBXFileReference; lastKnownFileType = text.plist.strings; name = en; path = en.lproj/Localizable.strings; sourceTree = "<group>"; };
		A1B2C3D4E5F607182930A1B4 /* fr */ = {isa = PBXFileReference; lastKnownFileType = text.plist.strings; name = fr; path = fr.lproj/Localizable.strings; sourceTree = "<group>"; };
		B5361AC02FAF8CCF0042B689 /* SharedComponents.swift */ = {isa = PBXFileReference; lastKnownFileType = sourcecode.swift; path = SharedComponents.swift; sourceTree = "<group>"; };
		B5361AC22FAFD5EE0042B689 /* JoinVisitConfirmView.swift */ = {isa = PBXFileReference; lastKnownFileType = sourcecode.swift; path = JoinVisitConfirmView.swift; sourceTree = "<group>"; };
		B5361AC42FB35B180042B689 /* PaywallSheet.swift */ = {isa = PBXFileReference; lastKnownFileType = sourcecode.swift; path = PaywallSheet.swift; sourceTree = "<group>"; };
		B5361AC72FB369400042B689 /* ViewedView.swift */ = {isa = PBXFileReference; lastKnownFileType = sourcecode.swift; path = ViewedView.swift; sourceTree = "<group>"; };
		B539B5B22FBD01B100B6BBAF /* StoreKit.framework */ = {isa = PBXFileReference; lastKnownFileType = wrapper.framework; name = StoreKit.framework; path = System/Library/Frameworks/StoreKit.framework; sourceTree = SDKROOT; };
		B539B5B42FBD01DD00B6BBAF /* StoreService.swift */ = {isa = PBXFileReference; lastKnownFileType = sourcecode.swift; path = StoreService.swift; sourceTree = "<group>"; };
		B55343232FA3439A002AB98D /* Wherart.app */ = {isa = PBXFileReference; explicitFileType = wrapper.application; includeInIndex = 0; path = Wherart.app; sourceTree = BUILT_PRODUCTS_DIR; };
		B59B58972FB3A50500DDC3CB /* Wherart-Info.plist */ = {isa = PBXFileReference; lastKnownFileType = text.plist; path = "Wherart-Info.plist"; sourceTree = "<group>"; };
		B5C8EB212FA3A748009A2A74 /* ContentView.swift */ = {isa = PBXFileReference; lastKnownFileType = sourcecode.swift; path = ContentView.swift; sourceTree = "<group>"; };
		B5C8EB222FA3A748009A2A74 /* WherartApp.swift */ = {isa = PBXFileReference; lastKnownFileType = sourcecode.swift; path = WherartApp.swift; sourceTree = "<group>"; };
		B5C8EB282FA3A750009A2A74 /* Assets.xcassets */ = {isa = PBXFileReference; lastKnownFileType = folder.assetcatalog; path = Assets.xcassets; sourceTree = "<group>"; };
		B5C8EB442FA3B1D8009A2A74 /* Models.swift */ = {isa = PBXFileReference; lastKnownFileType = sourcecode.swift; path = Models.swift; sourceTree = "<group>"; };
		B5C8EB452FA3B20C009A2A74 /* SupabaseService.swift */ = {isa = PBXFileReference; lastKnownFileType = sourcecode.swift; path = SupabaseService.swift; sourceTree = "<group>"; };
		B5C8EB462FA3B248009A2A74 /* LoginView.swift */ = {isa = PBXFileReference; lastKnownFileType = sourcecode.swift; path = LoginView.swift; sourceTree = "<group>"; };
		B5C8EB4A2FA3E40C009A2A74 /* OnboardingView.swift */ = {isa = PBXFileReference; lastKnownFileType = sourcecode.swift; path = OnboardingView.swift; sourceTree = "<group>"; };
		B5C8EB4C2FA3E539009A2A74 /* MainTabView.swift */ = {isa = PBXFileReference; lastKnownFileType = sourcecode.swift; path = MainTabView.swift; sourceTree = "<group>"; };
		B5C8EB4E2FA3E8BE009A2A74 /* Info.plist */ = {isa = PBXFileReference; lastKnownFileType = text.plist.xml; path = Info.plist; sourceTree = "<group>"; };
		B5C8EB502FA3E99A009A2A74 /* ExhibitionCard.swift */ = {isa = PBXFileReference; lastKnownFileType = sourcecode.swift; path = ExhibitionCard.swift; sourceTree = "<group>"; };
		B5C8EB522FA3E9B6009A2A74 /* HomeView.swift */ = {isa = PBXFileReference; lastKnownFileType = sourcecode.swift; path = HomeView.swift; sourceTree = "<group>"; };
		B5C8EB542FA3EE1D009A2A74 /* ExhibitionDetailView.swift */ = {isa = PBXFileReference; lastKnownFileType = sourcecode.swift; path = ExhibitionDetailView.swift; sourceTree = "<group>"; };
		B5C8EB562FA3F389009A2A74 /* MapKit.framework */ = {isa = PBXFileReference; lastKnownFileType = wrapper.framework; name = MapKit.framework; path = Platforms/iPhoneOS.platform/Developer/SDKs/iPhoneOS26.4.sdk/System/Library/Frameworks/MapKit.framework; sourceTree = DEVELOPER_DIR; };
		B5C8EB572FA3F389009A2A74 /* libswiftMapKit.tbd */ = {isa = PBXFileReference; lastKnownFileType = "sourcecode.text-based-dylib-definition"; name = libswiftMapKit.tbd; path = Platforms/iPhoneOS.platform/Developer/SDKs/iPhoneOS26.4.sdk/usr/lib/swift/libswiftMapKit.tbd; sourceTree = DEVELOPER_DIR; };
		B5C8EB5A2FA3F3CA009A2A74 /* MapView.swift */ = {isa = PBXFileReference; lastKnownFileType = sourcecode.swift; path = MapView.swift; sourceTree = "<group>"; };
		B5C8EB5C2FA3F67F009A2A74 /* ProfileView.swift */ = {isa = PBXFileReference; lastKnownFileType = sourcecode.swift; path = ProfileView.swift; sourceTree = "<group>"; };
		B5C8EB5E2FA3F796009A2A74 /* VisitView.swift */ = {isa = PBXFileReference; lastKnownFileType = sourcecode.swift; path = VisitView.swift; sourceTree = "<group>"; };
		B5C8EB602FA3F7BD009A2A74 /* VisitDetailView.swift */ = {isa = PBXFileReference; lastKnownFileType = sourcecode.swift; path = VisitDetailView.swift; sourceTree = "<group>"; };
		B5C8EB622FA3F7D0009A2A74 /* CreateVisitView.swift */ = {isa = PBXFileReference; lastKnownFileType = sourcecode.swift; path = CreateVisitView.swift; sourceTree = "<group>"; };
		B5C8EB642FA3F96B009A2A74 /* FavoritesView.swift */ = {isa = PBXFileReference; lastKnownFileType = sourcecode.swift; path = FavoritesView.swift; sourceTree = "<group>"; };
		B5C8EB682FA3FFA7009A2A74 /* FilterSheet.swift */ = {isa = PBXFileReference; lastKnownFileType = sourcecode.swift; path = FilterSheet.swift; sourceTree = "<group>"; };
		B5D979632FF9496F0054A063 /* WherartDebug.entitlements */ = {isa = PBXFileReference; lastKnownFileType = text.plist.entitlements; path = WherartDebug.entitlements; sourceTree = "<group>"; };
		B5D979702FF9500000000001 /* NavigationSwipeBackFix.swift */ = {isa = PBXFileReference; lastKnownFileType = sourcecode.swift; path = NavigationSwipeBackFix.swift; sourceTree = "<group>"; };
		B5D979742FF9500000000005 /* DesignSystem.swift */ = {isa = PBXFileReference; lastKnownFileType = sourcecode.swift; path = DesignSystem.swift; sourceTree = "<group>"; };
		B5D979762FF9500000000007 /* NotificationService.swift */ = {isa = PBXFileReference; lastKnownFileType = sourcecode.swift; path = NotificationService.swift; sourceTree = "<group>"; };
		B5D979782FF9500000000009 /* SplashView.swift */ = {isa = PBXFileReference; lastKnownFileType = sourcecode.swift; path = SplashView.swift; sourceTree = "<group>"; };
		B5F5A5453048B8F2004E2CD9 /* SupabaseService.swift */ = {isa = PBXFileReference; lastKnownFileType = sourcecode.swift; path = SupabaseService.swift; sourceTree = "<group>"; };
		B5F5A5473048B92B004E2CD9 /* AnalyticsService.swift */ = {isa = PBXFileReference; lastKnownFileType = sourcecode.swift; path = AnalyticsService.swift; sourceTree = "<group>"; };
		C7D8E9F0A1B2C3D4E5F60717 /* ArtTaxonomy.swift */ = {isa = PBXFileReference; lastKnownFileType = sourcecode.swift; path = ArtTaxonomy.swift; sourceTree = "<group>"; };
		F1E2D3C4B5A697887766554A /* LoginPromptSheet.swift */ = {isa = PBXFileReference; lastKnownFileType = sourcecode.swift; path = LoginPromptSheet.swift; sourceTree = "<group>"; };
		FC1BB362A6EC71B1E34943BC /* EditProfileView.swift */ = {isa = PBXFileReference; lastKnownFileType = sourcecode.swift; path = EditProfileView.swift; sourceTree = "<group>"; };
/* End PBXFileReference section */

/* Begin PBXFileSystemSynchronizedRootGroup section */
		B5C8EB332FA3A765009A2A74 /* Config */ = {
			isa = PBXFileSystemSynchronizedRootGroup;
			path = Config;
			sourceTree = "<group>";
		};
/* End PBXFileSystemSynchronizedRootGroup section */

/* Begin PBXFrameworksBuildPhase section */
		B55343202FA3439A002AB98D /* Frameworks */ = {
			isa = PBXFrameworksBuildPhase;
			buildActionMask = 2147483647;
			files = (
				B5C8EB582FA3F3A4009A2A74 /* MapKit.framework in Frameworks */,
				B5C8EB432FA3B129009A2A74 /* Supabase in Frameworks */,
				B5F5A5443048B677004E2CD9 /* PostHog in Frameworks */,
				B5C8EB592FA3F3AA009A2A74 /* libswiftMapKit.tbd in Frameworks */,
				B539B5B32FBD01B100B6BBAF /* StoreKit.framework in Frameworks */,
			);
			runOnlyForDeploymentPostprocessing = 0;
		};
/* End PBXFrameworksBuildPhase section */

/* Begin PBXGroup section */
		B553431A2FA3439A002AB98D = {
			isa = PBXGroup;
			children = (
				B5D979632FF9496F0054A063 /* WherartDebug.entitlements */,
				B59B58972FB3A50500DDC3CB /* Wherart-Info.plist */,
				B5C8EB4E2FA3E8BE009A2A74 /* Info.plist */,
				B5C8EB362FA3A870009A2A74 /* App */,
				B5C8EB332FA3A765009A2A74 /* Config */,
				B5C8EB282FA3A750009A2A74 /* Assets.xcassets */,
				A1B2C3D4E5F607182930A1B2 /* Localizable.strings */,
				B5C8EB372FA3A8D6009A2A74 /* Models */,
				B5C8EB382FA3A8E1009A2A74 /* Services */,
				B5C8EB392FA3A8E9009A2A74 /* Views */,
				B5C8EB412FA3B129009A2A74 /* Frameworks */,
				B55343242FA3439A002AB98D /* Products */,
			);
			sourceTree = "<group>";
		};
		B55343242FA3439A002AB98D /* Products */ = {
			isa = PBXGroup;
			children = (
				B55343232FA3439A002AB98D /* Wherart.app */,
			);
			name = Products;
			sourceTree = "<group>";
		};
		B5C8EB362FA3A870009A2A74 /* App */ = {
			isa = PBXGroup;
			children = (
				B5C8EB212FA3A748009A2A74 /* ContentView.swift */,
				B5C8EB222FA3A748009A2A74 /* WherartApp.swift */,
				B5D979702FF9500000000001 /* NavigationSwipeBackFix.swift */,
				B5D979742FF9500000000005 /* DesignSystem.swift */,
				C7D8E9F0A1B2C3D4E5F60717 /* ArtTaxonomy.swift */,
			);
			path = App;
			sourceTree = "<group>";
		};
		B5C8EB372FA3A8D6009A2A74 /* Models */ = {
			isa = PBXGroup;
			children = (
				B5C8EB442FA3B1D8009A2A74 /* Models.swift */,
			);
			path = Models;
			sourceTree = "<group>";
		};
		B5C8EB382FA3A8E1009A2A74 /* Services */ = {
			isa = PBXGroup;
			children = (
				B5C8EB452FA3B20C009A2A74 /* SupabaseService.swift */,
				B5F5A5453048B8F2004E2CD9 /* SupabaseService.swift */,
				B5D979762FF9500000000007 /* NotificationService.swift */,
				B5F5A5473048B92B004E2CD9 /* AnalyticsService.swift */,
			);
			path = Services;
			sourceTree = "<group>";
		};
		B5C8EB392FA3A8E9009A2A74 /* Views */ = {
			isa = PBXGroup;
			children = (
				B5C8EB4C2FA3E539009A2A74 /* MainTabView.swift */,
				B5C8EB402FA3AF9F009A2A74 /* Shared */,
				B5C8EB3F2FA3AF99009A2A74 /* Profile */,
				B5C8EB3E2FA3AF90009A2A74 /* Visits */,
				B5C8EB3D2FA3AF8B009A2A74 /* Map */,
				B5C8EB3C2FA3AF82009A2A74 /* Home */,
				B5C8EB3B2FA3A925009A2A74 /* Auth */,
			);
			path = Views;
			sourceTree = "<group>";
		};
		B5C8EB3B2FA3A925009A2A74 /* Auth */ = {
			isa = PBXGroup;
			children = (
				B5C8EB4A2FA3E40C009A2A74 /* OnboardingView.swift */,
				B5C8EB462FA3B248009A2A74 /* LoginView.swift */,
				B5D979782FF9500000000009 /* SplashView.swift */,
			);
			path = Auth;
			sourceTree = "<group>";
		};
		B5C8EB3C2FA3AF82009A2A74 /* Home */ = {
			isa = PBXGroup;
			children = (
				B539B5B42FBD01DD00B6BBAF /* StoreService.swift */,
				B5361AC42FB35B180042B689 /* PaywallSheet.swift */,
				8699DCBF30405A872CB965B6 /* SubscribeView.swift */,
				B5C8EB542FA3EE1D009A2A74 /* ExhibitionDetailView.swift */,
				B5C8EB522FA3E9B6009A2A74 /* HomeView.swift */,
				B5C8EB502FA3E99A009A2A74 /* ExhibitionCard.swift */,
			);
			path = Home;
			sourceTree = "<group>";
		};
		B5C8EB3D2FA3AF8B009A2A74 /* Map */ = {
			isa = PBXGroup;
			children = (
				B5C8EB5A2FA3F3CA009A2A74 /* MapView.swift */,
			);
			path = Map;
			sourceTree = "<group>";
		};
		B5C8EB3E2FA3AF90009A2A74 /* Visits */ = {
			isa = PBXGroup;
			children = (
				B5361AC22FAFD5EE0042B689 /* JoinVisitConfirmView.swift */,
				B5C8EB622FA3F7D0009A2A74 /* CreateVisitView.swift */,
				B5C8EB602FA3F7BD009A2A74 /* VisitDetailView.swift */,
				B5C8EB5E2FA3F796009A2A74 /* VisitView.swift */,
				5273E965AC408E7811F5F616 /* ChatFullView.swift */,
			);
			path = Visits;
			sourceTree = "<group>";
		};
		B5C8EB3F2FA3AF99009A2A74 /* Profile */ = {
			isa = PBXGroup;
			children = (
				B5C8EB642FA3F96B009A2A74 /* FavoritesView.swift */,
				B5C8EB5C2FA3F67F009A2A74 /* ProfileView.swift */,
				B5361AC72FB369400042B689 /* ViewedView.swift */,
				FC1BB362A6EC71B1E34943BC /* EditProfileView.swift */,
			);
			path = Profile;
			sourceTree = "<group>";
		};
		B5C8EB402FA3AF9F009A2A74 /* Shared */ = {
			isa = PBXGroup;
			children = (
				B5361AC02FAF8CCF0042B689 /* SharedComponents.swift */,
				B5C8EB682FA3FFA7009A2A74 /* FilterSheet.swift */,
				F1E2D3C4B5A697887766554A /* LoginPromptSheet.swift */,
			);
			path = Shared;
			sourceTree = "<group>";
		};
		B5C8EB412FA3B129009A2A74 /* Frameworks */ = {
			isa = PBXGroup;
			children = (
				B539B5B22FBD01B100B6BBAF /* StoreKit.framework */,
				B5C8EB572FA3F389009A2A74 /* libswiftMapKit.tbd */,
				B5C8EB562FA3F389009A2A74 /* MapKit.framework */,
			);
			name = Frameworks;
			sourceTree = "<group>";
		};
/* End PBXGroup section */

/* Begin PBXNativeTarget section */
		B55343222FA3439A002AB98D /* Wherart */ = {
			isa = PBXNativeTarget;
			buildConfigurationList = B553432E2FA3439B002AB98D /* Build configuration list for PBXNativeTarget "Wherart" */;
			buildPhases = (
				B553431F2FA3439A002AB98D /* Sources */,
				B55343202FA3439A002AB98D /* Frameworks */,
				B55343212FA3439A002AB98D /* Resources */,
			);
			buildRules = (
			);
			dependencies = (
			);
			fileSystemSynchronizedGroups = (
				B5C8EB332FA3A765009A2A74 /* Config */,
			);
			name = Wherart;
			packageProductDependencies = (
				B5C8EB422FA3B129009A2A74 /* Supabase */,
				B5F5A5433048B677004E2CD9 /* PostHog */,
			);
			productName = Wherart;
			productReference = B55343232FA3439A002AB98D /* Wherart.app */;
			productType = "com.apple.product-type.application";
		};
/* End PBXNativeTarget section */

/* Begin PBXProject section */
		B553431B2FA3439A002AB98D /* Project object */ = {
			isa = PBXProject;
			attributes = {
				BuildIndependentTargetsInParallel = 1;
				LastSwiftUpdateCheck = 2640;
				LastUpgradeCheck = 2640;
				TargetAttributes = {
					B55343222FA3439A002AB98D = {
						CreatedOnToolsVersion = 26.4;
					};
				};
			};
			buildConfigurationList = B553431E2FA3439A002AB98D /* Build configuration list for PBXProject "Wherart" */;
			developmentRegion = en;
			hasScannedForEncodings = 0;
			knownRegions = (
				en,
				fr,
				Base,
			);
			mainGroup = B553431A2FA3439A002AB98D;
			minimizedProjectReferenceProxies = 1;
			packageReferences = (
				B55343312FA38350002AB98D /* XCRemoteSwiftPackageReference "supabase-swift" */,
				B5F5A5423048B677004E2CD9 /* XCRemoteSwiftPackageReference "posthog-ios" */,
			);
			preferredProjectObjectVersion = 77;
			productRefGroup = B55343242FA3439A002AB98D /* Products */;
			projectDirPath = "";
			projectRoot = "";
			targets = (
				B55343222FA3439A002AB98D /* Wherart */,
			);
		};
/* End PBXProject section */

/* Begin PBXResourcesBuildPhase section */
		B55343212FA3439A002AB98D /* Resources */ = {
			isa = PBXResourcesBuildPhase;
			buildActionMask = 2147483647;
			files = (
				B5C8EB2B2FA3A750009A2A74 /* Assets.xcassets in Resources */,
				A1B2C3D4E5F607182930A1B5 /* Localizable.strings in Resources */,
			);
			runOnlyForDeploymentPostprocessing = 0;
		};
/* End PBXResourcesBuildPhase section */

/* Begin PBXSourcesBuildPhase section */
		B553431F2FA3439A002AB98D /* Sources */ = {
			isa = PBXSourcesBuildPhase;
			buildActionMask = 2147483647;
			files = (
				B5C8EB5F2FA3F798009A2A74 /* VisitView.swift in Sources */,
				B539B5B52FBD01DF00B6BBAF /* StoreService.swift in Sources */,
				B5C8EB242FA3A748009A2A74 /* ContentView.swift in Sources */,
				B5C8EB692FA3FFA9009A2A74 /* FilterSheet.swift in Sources */,
				B5C8EB5D2FA3F680009A2A74 /* ProfileView.swift in Sources */,
				B5361AC62FB367F80042B689 /* ExhibitionDetailView.swift in Sources */,
				B5C8EB5B2FA3F3CC009A2A74 /* MapView.swift in Sources */,
				B5C8EB472FA3E1F6009A2A74 /* LoginView.swift in Sources */,
				B5C8EB532FA3E9BF009A2A74 /* HomeView.swift in Sources */,
				B5C8EB4D2FA3E53B009A2A74 /* MainTabView.swift in Sources */,
				B5C8EB492FA3E2D6009A2A74 /* Models.swift in Sources */,
				B5C8EB612FA3F7BF009A2A74 /* VisitDetailView.swift in Sources */,
				B5361AC32FAFD5F00042B689 /* JoinVisitConfirmView.swift in Sources */,
				B5C8EB252FA3A748009A2A74 /* WherartApp.swift in Sources */,
				B5361AC82FB369400042B689 /* ViewedView.swift in Sources */,
				B5361AC52FB35B1A0042B689 /* PaywallSheet.swift in Sources */,
				E76C3A086A8FAB61971C2114 /* SubscribeView.swift in Sources */,
				A13297680C2779020DFD689C /* ChatFullView.swift in Sources */,
				55C169B8C4B2FB6D824DD7D0 /* EditProfileView.swift in Sources */,
				B5C8EB482FA3E1FF009A2A74 /* SupabaseService.swift in Sources */,
				B5361AC12FAF8CD80042B689 /* SharedComponents.swift in Sources */,
				B5C8EB652FA3F96D009A2A74 /* FavoritesView.swift in Sources */,
				B5F5A5483048B92B004E2CD9 /* AnalyticsService.swift in Sources */,
				B5C8EB512FA3E99D009A2A74 /* ExhibitionCard.swift in Sources */,
				B5C8EB632FA3F7D6009A2A74 /* CreateVisitView.swift in Sources */,
				B5C8EB4B2FA3E418009A2A74 /* OnboardingView.swift in Sources */,
				B5D979712FF9500000000002 /* NavigationSwipeBackFix.swift in Sources */,
				B5D979752FF9500000000006 /* DesignSystem.swift in Sources */,
				B5D979772FF9500000000008 /* NotificationService.swift in Sources */,
				B5F5A5463048B8F2004E2CD9 /* SupabaseService.swift in Sources */,
				B5D979792FF950000000000A /* SplashView.swift in Sources */,
				F1E2D3C4B5A697887766554B /* LoginPromptSheet.swift in Sources */,
				C7D8E9F0A1B2C3D4E5F60718 /* ArtTaxonomy.swift in Sources */,
			);
			runOnlyForDeploymentPostprocessing = 0;
		};
/* End PBXSourcesBuildPhase section */

/* Begin PBXVariantGroup section */
		A1B2C3D4E5F607182930A1B2 /* Localizable.strings */ = {
			isa = PBXVariantGroup;
			children = (
				A1B2C3D4E5F607182930A1B3 /* en */,
				A1B2C3D4E5F607182930A1B4 /* fr */,
			);
			name = Localizable.strings;
			sourceTree = "<group>";
		};
/* End PBXVariantGroup section */

/* Begin XCBuildConfiguration section */
		B553432C2FA3439B002AB98D /* Debug */ = {
			isa = XCBuildConfiguration;
			buildSettings = {
				ALWAYS_SEARCH_USER_PATHS = NO;
				ASSETCATALOG_COMPILER_GENERATE_SWIFT_ASSET_SYMBOL_EXTENSIONS = YES;
				CLANG_ANALYZER_NONNULL = YES;
				CLANG_ANALYZER_NUMBER_OBJECT_CONVERSION = YES_AGGRESSIVE;
				CLANG_CXX_LANGUAGE_STANDARD = "gnu++20";
				CLANG_ENABLE_MODULES = YES;
				CLANG_ENABLE_OBJC_ARC = YES;
				CLANG_ENABLE_OBJC_WEAK = YES;
				CLANG_WARN_BLOCK_CAPTURE_AUTORELEASING = YES;
				CLANG_WARN_BOOL_CONVERSION = YES;
				CLANG_WARN_COMMA = YES;
				CLANG_WARN_CONSTANT_CONVERSION = YES;
				CLANG_WARN_DEPRECATED_OBJC_IMPLEMENTATIONS = YES;
				CLANG_WARN_DIRECT_OBJC_ISA_USAGE = YES_ERROR;
				CLANG_WARN_DOCUMENTATION_COMMENTS = YES;
				CLANG_WARN_EMPTY_BODY = YES;
				CLANG_WARN_ENUM_CONVERSION = YES;
				CLANG_WARN_INFINITE_RECURSION = YES;
				CLANG_WARN_INT_CONVERSION = YES;
				CLANG_WARN_NON_LITERAL_NULL_CONVERSION = YES;
				CLANG_WARN_OBJC_IMPLICIT_RETAIN_SELF = YES;
				CLANG_WARN_OBJC_LITERAL_CONVERSION = YES;
				CLANG_WARN_OBJC_ROOT_CLASS = YES_ERROR;
				CLANG_WARN_QUOTED_INCLUDE_IN_FRAMEWORK_HEADER = YES;
				CLANG_WARN_RANGE_LOOP_ANALYSIS = YES;
				CLANG_WARN_STRICT_PROTOTYPES = YES;
				CLANG_WARN_SUSPICIOUS_MOVE = YES;
				CLANG_WARN_UNGUARDED_AVAILABILITY = YES_AGGRESSIVE;
				CLANG_WARN_UNREACHABLE_CODE = YES;
				CLANG_WARN__DUPLICATE_METHOD_MATCH = YES;
				COPY_PHASE_STRIP = NO;
				DEBUG_INFORMATION_FORMAT = dwarf;
				DEVELOPMENT_TEAM = GHAUCX2368;
				ENABLE_STRICT_OBJC_MSGSEND = YES;
				ENABLE_TESTABILITY = YES;
				ENABLE_USER_SCRIPT_SANDBOXING = YES;
				GCC_C_LANGUAGE_STANDARD = gnu17;
				GCC_DYNAMIC_NO_PIC = NO;
				GCC_NO_COMMON_BLOCKS = YES;
				GCC_OPTIMIZATION_LEVEL = 0;
				GCC_PREPROCESSOR_DEFINITIONS = (
					"DEBUG=1",
					"$(inherited)",
				);
				GCC_WARN_64_TO_32_BIT_CONVERSION = YES;
				GCC_WARN_ABOUT_RETURN_TYPE = YES_ERROR;
				GCC_WARN_UNDECLARED_SELECTOR = YES;
				GCC_WARN_UNINITIALIZED_AUTOS = YES_AGGRESSIVE;
				GCC_WARN_UNUSED_FUNCTION = YES;
				GCC_WARN_UNUSED_VARIABLE = YES;
				LOCALIZATION_PREFERS_STRING_CATALOGS = YES;
				MTL_ENABLE_DEBUG_INFO = INCLUDE_SOURCE;
				MTL_FAST_MATH = YES;
				ONLY_ACTIVE_ARCH = YES;
				SWIFT_ACTIVE_COMPILATION_CONDITIONS = "DEBUG $(inherited)";
				SWIFT_OPTIMIZATION_LEVEL = "-Onone";
			};
			name = Debug;
		};
		B553432D2FA3439B002AB98D /* Release */ = {
			isa = XCBuildConfiguration;
			buildSettings = {
				ALWAYS_SEARCH_USER_PATHS = NO;
				ASSETCATALOG_COMPILER_GENERATE_SWIFT_ASSET_SYMBOL_EXTENSIONS = YES;
				CLANG_ANALYZER_NONNULL = YES;
				CLANG_ANALYZER_NUMBER_OBJECT_CONVERSION = YES_AGGRESSIVE;
				CLANG_CXX_LANGUAGE_STANDARD = "gnu++20";
				CLANG_ENABLE_MODULES = YES;
				CLANG_ENABLE_OBJC_ARC = YES;
				CLANG_ENABLE_OBJC_WEAK = YES;
				CLANG_WARN_BLOCK_CAPTURE_AUTORELEASING = YES;
				CLANG_WARN_BOOL_CONVERSION = YES;
				CLANG_WARN_COMMA = YES;
				CLANG_WARN_CONSTANT_CONVERSION = YES;
				CLANG_WARN_DEPRECATED_OBJC_IMPLEMENTATIONS = YES;
				CLANG_WARN_DIRECT_OBJC_ISA_USAGE = YES_ERROR;
				CLANG_WARN_DOCUMENTATION_COMMENTS = YES;
				CLANG_WARN_EMPTY_BODY = YES;
				CLANG_WARN_ENUM_CONVERSION = YES;
				CLANG_WARN_INFINITE_RECURSION = YES;
				CLANG_WARN_INT_CONVERSION = YES;
				CLANG_WARN_NON_LITERAL_NULL_CONVERSION = YES;
				CLANG_WARN_OBJC_IMPLICIT_RETAIN_SELF = YES;
				CLANG_WARN_OBJC_LITERAL_CONVERSION = YES;
				CLANG_WARN_OBJC_ROOT_CLASS = YES_ERROR;
				CLANG_WARN_QUOTED_INCLUDE_IN_FRAMEWORK_HEADER = YES;
				CLANG_WARN_RANGE_LOOP_ANALYSIS = YES;
				CLANG_WARN_STRICT_PROTOTYPES = YES;
				CLANG_WARN_SUSPICIOUS_MOVE = YES;
				CLANG_WARN_UNGUARDED_AVAILABILITY = YES_AGGRESSIVE;
				CLANG_WARN_UNREACHABLE_CODE = YES;
				CLANG_WARN__DUPLICATE_METHOD_MATCH = YES;
				COPY_PHASE_STRIP = NO;
				DEBUG_INFORMATION_FORMAT = "dwarf-with-dsym";
				DEVELOPMENT_TEAM = GHAUCX2368;
				ENABLE_NS_ASSERTIONS = NO;
				ENABLE_STRICT_OBJC_MSGSEND = YES;
				ENABLE_USER_SCRIPT_SANDBOXING = YES;
				GCC_C_LANGUAGE_STANDARD = gnu17;
				GCC_NO_COMMON_BLOCKS = YES;
				GCC_WARN_64_TO_32_BIT_CONVERSION = YES;
				GCC_WARN_ABOUT_RETURN_TYPE = YES_ERROR;
				GCC_WARN_UNDECLARED_SELECTOR = YES;
				GCC_WARN_UNINITIALIZED_AUTOS = YES_AGGRESSIVE;
				GCC_WARN_UNUSED_FUNCTION = YES;
				GCC_WARN_UNUSED_VARIABLE = YES;
				LOCALIZATION_PREFERS_STRING_CATALOGS = YES;
				MTL_ENABLE_DEBUG_INFO = NO;
				MTL_FAST_MATH = YES;
				SWIFT_COMPILATION_MODE = wholemodule;
			};
			name = Release;
		};
		B553432F2FA3439B002AB98D /* Debug */ = {
			isa = XCBuildConfiguration;
			buildSettings = {
				ASSETCATALOG_COMPILER_APPICON_NAME = AppIcon;
				ASSETCATALOG_COMPILER_GLOBAL_ACCENT_COLOR_NAME = AccentColor;
				CODE_SIGN_ENTITLEMENTS = WherartDebug.entitlements;
				CODE_SIGN_STYLE = Automatic;
				CURRENT_PROJECT_VERSION = 54;
				DEVELOPMENT_TEAM = GHAUCX2368;
				ENABLE_APP_SANDBOX = YES;
				ENABLE_HARDENED_RUNTIME = YES;
				ENABLE_PREVIEWS = YES;
				ENABLE_USER_SELECTED_FILES = readonly;
				GENERATE_INFOPLIST_FILE = YES;
				INFOPLIST_FILE = "Wherart-Info.plist";
				INFOPLIST_KEY_CFBundleDisplayName = Wherart;
				INFOPLIST_KEY_NSLocationWhenInUseUsageDescription = "Wherart uses your location to show exhibitions near you.";
				"INFOPLIST_KEY_UIApplicationSceneManifest_Generation[sdk=iphoneos*]" = YES;
				"INFOPLIST_KEY_UIApplicationSceneManifest_Generation[sdk=iphonesimulator*]" = YES;
				"INFOPLIST_KEY_UIApplicationSupportsIndirectInputEvents[sdk=iphoneos*]" = YES;
				"INFOPLIST_KEY_UIApplicationSupportsIndirectInputEvents[sdk=iphonesimulator*]" = YES;
				"INFOPLIST_KEY_UILaunchScreen_Generation[sdk=iphoneos*]" = YES;
				"INFOPLIST_KEY_UILaunchScreen_Generation[sdk=iphonesimulator*]" = YES;
				"INFOPLIST_KEY_UIStatusBarStyle[sdk=iphoneos*]" = UIStatusBarStyleDefault;
				"INFOPLIST_KEY_UIStatusBarStyle[sdk=iphonesimulator*]" = UIStatusBarStyleDefault;
				INFOPLIST_KEY_UISupportedInterfaceOrientations = UIInterfaceOrientationPortrait;
				INFOPLIST_KEY_UISupportedInterfaceOrientations_iPad = "UIInterfaceOrientationLandscapeLeft UIInterfaceOrientationLandscapeRight UIInterfaceOrientationPortrait UIInterfaceOrientationPortraitUpsideDown";
				IPHONEOS_DEPLOYMENT_TARGET = 17.0;
				LD_RUNPATH_SEARCH_PATHS = "@executable_path/Frameworks";
				"LD_RUNPATH_SEARCH_PATHS[sdk=macosx*]" = "@executable_path/../Frameworks";
				MACOSX_DEPLOYMENT_TARGET = 26.3;
				MARKETING_VERSION = 1.5.4;
				PRODUCT_BUNDLE_IDENTIFIER = com.alexandrewt.wherart;
				PRODUCT_NAME = Wherart;
				REGISTER_APP_GROUPS = YES;
				SDKROOT = auto;
				STRING_CATALOG_GENERATE_SYMBOLS = YES;
				SUPPORTED_PLATFORMS = "iphoneos iphonesimulator";
				SUPPORTS_MACCATALYST = NO;
				SWIFT_APPROACHABLE_CONCURRENCY = YES;
				SWIFT_DEFAULT_ACTOR_ISOLATION = MainActor;
				SWIFT_EMIT_LOC_STRINGS = YES;
				SWIFT_UPCOMING_FEATURE_MEMBER_IMPORT_VISIBILITY = YES;
				SWIFT_VERSION = 5.0;
				TARGETED_DEVICE_FAMILY = 1;
				XROS_DEPLOYMENT_TARGET = 26.4;
			};
			name = Debug;
		};
		B55343302FA3439B002AB98D /* Release */ = {
			isa = XCBuildConfiguration;
			buildSettings = {
				ASSETCATALOG_COMPILER_APPICON_NAME = AppIcon;
				ASSETCATALOG_COMPILER_GLOBAL_ACCENT_COLOR_NAME = AccentColor;
				CODE_SIGN_STYLE = Automatic;
				CURRENT_PROJECT_VERSION = 54;
				DEVELOPMENT_TEAM = GHAUCX2368;
				ENABLE_APP_SANDBOX = YES;
				ENABLE_HARDENED_RUNTIME = YES;
				ENABLE_PREVIEWS = YES;
				ENABLE_USER_SELECTED_FILES = readonly;
				GENERATE_INFOPLIST_FILE = YES;
				INFOPLIST_FILE = "Wherart-Info.plist";
				INFOPLIST_KEY_CFBundleDisplayName = Wherart;
				INFOPLIST_KEY_NSLocationWhenInUseUsageDescription = "Wherart uses your location to show exhibitions near you.";
				"INFOPLIST_KEY_UIApplicationSceneManifest_Generation[sdk=iphoneos*]" = YES;
				"INFOPLIST_KEY_UIApplicationSceneManifest_Generation[sdk=iphonesimulator*]" = YES;
				"INFOPLIST_KEY_UIApplicationSupportsIndirectInputEvents[sdk=iphoneos*]" = YES;
				"INFOPLIST_KEY_UIApplicationSupportsIndirectInputEvents[sdk=iphonesimulator*]" = YES;
				"INFOPLIST_KEY_UILaunchScreen_Generation[sdk=iphoneos*]" = YES;
				"INFOPLIST_KEY_UILaunchScreen_Generation[sdk=iphonesimulator*]" = YES;
				"INFOPLIST_KEY_UIStatusBarStyle[sdk=iphoneos*]" = UIStatusBarStyleDefault;
				"INFOPLIST_KEY_UIStatusBarStyle[sdk=iphonesimulator*]" = UIStatusBarStyleDefault;
				INFOPLIST_KEY_UISupportedInterfaceOrientations = UIInterfaceOrientationPortrait;
				INFOPLIST_KEY_UISupportedInterfaceOrientations_iPad = "UIInterfaceOrientationLandscapeLeft UIInterfaceOrientationLandscapeRight UIInterfaceOrientationPortrait UIInterfaceOrientationPortraitUpsideDown";
				IPHONEOS_DEPLOYMENT_TARGET = 17.0;
				LD_RUNPATH_SEARCH_PATHS = "@executable_path/Frameworks";
				"LD_RUNPATH_SEARCH_PATHS[sdk=macosx*]" = "@executable_path/../Frameworks";
				MACOSX_DEPLOYMENT_TARGET = 26.3;
				MARKETING_VERSION = 1.5.4;
				PRODUCT_BUNDLE_IDENTIFIER = com.alexandrewt.wherart;
				PRODUCT_NAME = Wherart;
				REGISTER_APP_GROUPS = YES;
				SDKROOT = auto;
				STRING_CATALOG_GENERATE_SYMBOLS = YES;
				SUPPORTED_PLATFORMS = "iphoneos iphonesimulator";
				SUPPORTS_MACCATALYST = NO;
				SWIFT_APPROACHABLE_CONCURRENCY = YES;
				SWIFT_DEFAULT_ACTOR_ISOLATION = MainActor;
				SWIFT_EMIT_LOC_STRINGS = YES;
				SWIFT_UPCOMING_FEATURE_MEMBER_IMPORT_VISIBILITY = YES;
				SWIFT_VERSION = 5.0;
				TARGETED_DEVICE_FAMILY = 1;
				XROS_DEPLOYMENT_TARGET = 26.4;
			};
			name = Release;
		};
/* End XCBuildConfiguration section */

/* Begin XCConfigurationList section */
		B553431E2FA3439A002AB98D /* Build configuration list for PBXProject "Wherart" */ = {
			isa = XCConfigurationList;
			buildConfigurations = (
				B553432C2FA3439B002AB98D /* Debug */,
				B553432D2FA3439B002AB98D /* Release */,
			);
			defaultConfigurationIsVisible = 0;
			defaultConfigurationName = Release;
		};
		B553432E2FA3439B002AB98D /* Build configuration list for PBXNativeTarget "Wherart" */ = {
			isa = XCConfigurationList;
			buildConfigurations = (
				B553432F2FA3439B002AB98D /* Debug */,
				B55343302FA3439B002AB98D /* Release */,
			);
			defaultConfigurationIsVisible = 0;
			defaultConfigurationName = Release;
		};
/* End XCConfigurationList section */

/* Begin XCRemoteSwiftPackageReference section */
		B55343312FA38350002AB98D /* XCRemoteSwiftPackageReference "supabase-swift" */ = {
			isa = XCRemoteSwiftPackageReference;
			repositoryURL = "https://github.com/supabase/supabase-swift";
			requirement = {
				kind = upToNextMajorVersion;
				minimumVersion = 2.5.1;
			};
		};
		B5F5A5423048B677004E2CD9 /* XCRemoteSwiftPackageReference "posthog-ios" */ = {
			isa = XCRemoteSwiftPackageReference;
			repositoryURL = "https://github.com/PostHog/posthog-ios";
			requirement = {
				kind = upToNextMajorVersion;
				minimumVersion = 3.71.2;
			};
		};
/* End XCRemoteSwiftPackageReference section */

/* Begin XCSwiftPackageProductDependency section */
		B5C8EB422FA3B129009A2A74 /* Supabase */ = {
			isa = XCSwiftPackageProductDependency;
			package = B55343312FA38350002AB98D /* XCRemoteSwiftPackageReference "supabase-swift" */;
			productName = Supabase;
		};
		B5F5A5433048B677004E2CD9 /* PostHog */ = {
			isa = XCSwiftPackageProductDependency;
			package = B5F5A5423048B677004E2CD9 /* XCRemoteSwiftPackageReference "posthog-ios" */;
			productName = PostHog;
		};
/* End XCSwiftPackageProductDependency section */
	};
	rootObject = B553431B2FA3439A002AB98D /* Project object */;
}
